// !$*UTF8*$!
{
	archiveVersion = 1;
	classes = {
	};
	objectVersion = 46;
	objects = {

/* Begin PBXBuildFile section */
		1A9A0035E0EE5FF07539A831 /* VKPlaces.m in Sources */ = {isa = PBXBuildFile; fileRef = 1A9A0EB5B33B50156CCB4480 /* VKPlaces.m */; };
		1A9A00965F012FEB0C3A0948 /* VKLikes.m in Sources */ = {isa = PBXBuildFile; fileRef = 1A9A0744E1129AB1AC260B81 /* VKLikes.m */; };
		1A9A00DE0874C0D2DDF62040 /* VKAudioAlbums.m in Sources */ = {isa = PBXBuildFile; fileRef = 1A9A0124EAEE2A20177ADF49 /* VKAudioAlbums.m */; };
		1A9A012C5170C46DB6127C03 /* VKAudio.m in Sources */ = {isa = PBXBuildFile; fileRef = 1A9A0C09D80AD9900AB0EAD1 /* VKAudio.m */; };
		1A9A014718D9175C3C8270FA /* ASAAppDelegate.m in Sources */ = {isa = PBXBuildFile; fileRef = 1A9A0039FBF01876E3E901F7 /* ASAAppDelegate.m */; };
		1A9A01AD020E4163997D42CA /* main.m in Sources */ = {isa = PBXBuildFile; fileRef = 1A9A00D0DEE8CD2182094481 /* main.m */; };
		1A9A0282CA1D01302471A038 /* VKFavourites.m in Sources */ = {isa = PBXBuildFile; fileRef = 1A9A06798AA53DA5DB8FF018 /* VKFavourites.m */; };
		1A9A03288D033634380039D2 /* VKNotes.m in Sources */ = {isa = PBXBuildFile; fileRef = 1A9A0499759C6D7EE1B9A4C0 /* VKNotes.m */; };
		1A9A0384C91D264F3F0EBAE0 /* VKDoc.m in Sources */ = {isa = PBXBuildFile; fileRef = 1A9A0E9B2A369374D8A7032F /* VKDoc.m */; };
		1A9A043B7F63BFA46BDCD345 /* VKVideo.m in Sources */ = {isa = PBXBuildFile; fileRef = 1A9A0C7AA5E3472C557FFDD4 /* VKVideo.m */; };
		1A9A04CABD11B20B973B082F /* ASAViewController.m in Sources */ = {isa = PBXBuildFile; fileRef = 1A9A08B5F0DAB74B3E7667C0 /* ASAViewController.m */; };
		1A9A052E5BE846C6E5A7E793 /* VKFriends.m in Sources */ = {isa = PBXBuildFile; fileRef = 1A9A03B9D5210479408AFF6B /* VKFriends.m */; };
		1A9A0535D28C98D1320A8654 /* Default@2x.png in Resources */ = {isa = PBXBuildFile; fileRef = 1A9A00B155BDE0A3ABC0211E /* Default@2x.png */; };
		1A9A06A9086F2C4C5107D953 /* Default-568h@2x.png in Resources */ = {isa = PBXBuildFile; fileRef = 1A9A09A050E907471891CE6A /* Default-568h@2x.png */; };
		1A9A06F451386B13B7052B7F /* VKLike.m in Sources */ = {isa = PBXBuildFile; fileRef = 1A9A017CB724919A728CE13D /* VKLike.m */; };
		1A9A070F583C588F363633F1 /* VKUser.m in Sources */ = {isa = PBXBuildFile; fileRef = 1A9A089B28001993176C3A5B /* VKUser.m */; };
		1A9A07B489F4E0F7DE3E930B /* VKGroups.m in Sources */ = {isa = PBXBuildFile; fileRef = 1A9A0D6240D2F2C5B321D5E7 /* VKGroups.m */; };
		1A9A0815944946E4D04DB2DB /* VKAccessToken.m in Sources */ = {isa = PBXBuildFile; fileRef = 1A9A076F97676056422FD08B /* VKAccessToken.m */; };
		1A9A0857E7361344316BE969 /* VKPhoto.m in Sources */ = {isa = PBXBuildFile; fileRef = 1A9A0C42A1A446C385BBEF6A /* VKPhoto.m */; };
		1A9A094B5B316BF5F1F651CD /* UIKit.framework in Frameworks */ = {isa = PBXBuildFile; fileRef = 1A9A0C26456CC23158EF2CFF /* UIKit.framework */; };
		1A9A0961CDA638D044505DC2 /* VKPhotoAlbums.m in Sources */ = {isa = PBXBuildFile; fileRef = 1A9A0637A924B9E4D01732A4 /* VKPhotoAlbums.m */; };
		1A9A0965BAB32B05C7F5A862 /* CoreGraphics.framework in Frameworks */ = {isa = PBXBuildFile; fileRef = 1A9A0EB7F488137826B7377F /* CoreGraphics.framework */; };
		1A9A0966863B0213EC5E61F3 /* VKVideoAlbums.m in Sources */ = {isa = PBXBuildFile; fileRef = 1A9A03D8B3F1BA66E9425972 /* VKVideoAlbums.m */; };
		1A9A099DA2DB69CB8ECA486F /* VKNewsfeed.m in Sources */ = {isa = PBXBuildFile; fileRef = 1A9A03D1F059E6BBAC1DBD6B /* VKNewsfeed.m */; };
		1A9A0A2B354447FD88F043A7 /* VKWallPost.m in Sources */ = {isa = PBXBuildFile; fileRef = 1A9A00E38CE1362F05A0618F /* VKWallPost.m */; };
		1A9A0A44CA44B07501E43271 /* VKGroup.m in Sources */ = {isa = PBXBuildFile; fileRef = 1A9A0535A5A7788614CA47EE /* VKGroup.m */; };
		1A9A0AA9A966AD29D1785FDD /* VKMessage.m in Sources */ = {isa = PBXBuildFile; fileRef = 1A9A0C9557E69580077087A5 /* VKMessage.m */; };
		1A9A0AD30D144ECA9F255646 /* VKWall.m in Sources */ = {isa = PBXBuildFile; fileRef = 1A9A06576C3A9E7A21C510C4 /* VKWall.m */; };
		1A9A0AEB4C54D741C0B29C30 /* VKPlace.m in Sources */ = {isa = PBXBuildFile; fileRef = 1A9A0A6F8774A56F45D438B9 /* VKPlace.m */; };
		1A9A0B354CA71944B31A2615 /* Default.png in Resources */ = {isa = PBXBuildFile; fileRef = 1A9A018DF5DD1C6A555A49E8 /* Default.png */; };
		1A9A0B873E74E121B23E621C /* VKDocs.m in Sources */ = {isa = PBXBuildFile; fileRef = 1A9A0CA75C64197B04FB3B0D /* VKDocs.m */; };
		1A9A0B99CB428301E1CDBC93 /* VKStatus.m in Sources */ = {isa = PBXBuildFile; fileRef = 1A9A0C5B094703E927C55E46 /* VKStatus.m */; };
		1A9A0C8BE3C67F7E9F29620E /* VKNote.m in Sources */ = {isa = PBXBuildFile; fileRef = 1A9A03F29B0DB51F4835AA73 /* VKNote.m */; };
		1A9A0D607B79AFC8041B6520 /* VKConnector.m in Sources */ = {isa = PBXBuildFile; fileRef = 1A9A0F455C140DDD6C719282 /* VKConnector.m */; };
		1A9A0DFFA6C38BD056D31C8F /* InfoPlist.strings in Resources */ = {isa = PBXBuildFile; fileRef = 1A9A0E6E23C1FCE8D3FE60F1 /* InfoPlist.strings */; };
		1A9A0E0DB89A0EF7F46D63EE /* VKMessages.m in Sources */ = {isa = PBXBuildFile; fileRef = 1A9A0C1AFB20A72D20581CA0 /* VKMessages.m */; };
		1A9A0F0803D519C8C9EDBD1D /* Foundation.framework in Frameworks */ = {isa = PBXBuildFile; fileRef = 1A9A07FFEF91680BA2BD6228 /* Foundation.framework */; };
		1A9A0FD21D1892BE454A4C3B /* ASAViewController.xib in Resources */ = {isa = PBXBuildFile; fileRef = 1A9A08D62A11B3F5E77C7492 /* ASAViewController.xib */; };
		D53DFBF117632CF6001A058B /* VKRequest.m in Sources */ = {isa = PBXBuildFile; fileRef = D53DFBF017632CF6001A058B /* VKRequest.m */; };
		D53DFBF217632CF6001A058B /* VKRequest.m in Sources */ = {isa = PBXBuildFile; fileRef = D53DFBF017632CF6001A058B /* VKRequest.m */; };
		D53DFC0817632D6A001A058B /* AFHTTPClient.m in Sources */ = {isa = PBXBuildFile; fileRef = D53DFBF617632D6A001A058B /* AFHTTPClient.m */; };
		D53DFC0917632D6A001A058B /* AFHTTPClient.m in Sources */ = {isa = PBXBuildFile; fileRef = D53DFBF617632D6A001A058B /* AFHTTPClient.m */; };
		D53DFC0A17632D6A001A058B /* AFHTTPRequestOperation.m in Sources */ = {isa = PBXBuildFile; fileRef = D53DFBF817632D6A001A058B /* AFHTTPRequestOperation.m */; };
		D53DFC0B17632D6A001A058B /* AFHTTPRequestOperation.m in Sources */ = {isa = PBXBuildFile; fileRef = D53DFBF817632D6A001A058B /* AFHTTPRequestOperation.m */; };
		D53DFC0C17632D6A001A058B /* AFImageRequestOperation.m in Sources */ = {isa = PBXBuildFile; fileRef = D53DFBFA17632D6A001A058B /* AFImageRequestOperation.m */; };
		D53DFC0D17632D6A001A058B /* AFImageRequestOperation.m in Sources */ = {isa = PBXBuildFile; fileRef = D53DFBFA17632D6A001A058B /* AFImageRequestOperation.m */; };
		D53DFC0E17632D6A001A058B /* AFJSONRequestOperation.m in Sources */ = {isa = PBXBuildFile; fileRef = D53DFBFC17632D6A001A058B /* AFJSONRequestOperation.m */; };
		D53DFC0F17632D6A001A058B /* AFJSONRequestOperation.m in Sources */ = {isa = PBXBuildFile; fileRef = D53DFBFC17632D6A001A058B /* AFJSONRequestOperation.m */; };
		D53DFC1017632D6A001A058B /* AFNetworkActivityIndicatorManager.m in Sources */ = {isa = PBXBuildFile; fileRef = D53DFBFE17632D6A001A058B /* AFNetworkActivityIndicatorManager.m */; };
		D53DFC1117632D6A001A058B /* AFNetworkActivityIndicatorManager.m in Sources */ = {isa = PBXBuildFile; fileRef = D53DFBFE17632D6A001A058B /* AFNetworkActivityIndicatorManager.m */; };
		D53DFC1217632D6A001A058B /* AFPropertyListRequestOperation.m in Sources */ = {isa = PBXBuildFile; fileRef = D53DFC0117632D6A001A058B /* AFPropertyListRequestOperation.m */; };
		D53DFC1317632D6A001A058B /* AFPropertyListRequestOperation.m in Sources */ = {isa = PBXBuildFile; fileRef = D53DFC0117632D6A001A058B /* AFPropertyListRequestOperation.m */; };
		D53DFC1417632D6A001A058B /* AFURLConnectionOperation.m in Sources */ = {isa = PBXBuildFile; fileRef = D53DFC0317632D6A001A058B /* AFURLConnectionOperation.m */; };
		D53DFC1517632D6A001A058B /* AFURLConnectionOperation.m in Sources */ = {isa = PBXBuildFile; fileRef = D53DFC0317632D6A001A058B /* AFURLConnectionOperation.m */; };
		D53DFC1617632D6A001A058B /* AFXMLRequestOperation.m in Sources */ = {isa = PBXBuildFile; fileRef = D53DFC0517632D6A001A058B /* AFXMLRequestOperation.m */; };
		D53DFC1717632D6A001A058B /* AFXMLRequestOperation.m in Sources */ = {isa = PBXBuildFile; fileRef = D53DFC0517632D6A001A058B /* AFXMLRequestOperation.m */; };
		D53DFC1817632D6A001A058B /* UIImageView+AFNetworking.m in Sources */ = {isa = PBXBuildFile; fileRef = D53DFC0717632D6A001A058B /* UIImageView+AFNetworking.m */; };
		D53DFC1917632D6A001A058B /* UIImageView+AFNetworking.m in Sources */ = {isa = PBXBuildFile; fileRef = D53DFC0717632D6A001A058B /* UIImageView+AFNetworking.m */; };
		D53DFC2017632EB6001A058B /* NSData+toBase64.m in Sources */ = {isa = PBXBuildFile; fileRef = D53DFC1B17632EB6001A058B /* NSData+toBase64.m */; };
		D53DFC2117632EB6001A058B /* NSData+toBase64.m in Sources */ = {isa = PBXBuildFile; fileRef = D53DFC1B17632EB6001A058B /* NSData+toBase64.m */; };
		D53DFC2217632EB6001A058B /* NSString+encodeURL.m in Sources */ = {isa = PBXBuildFile; fileRef = D53DFC1D17632EB6001A058B /* NSString+encodeURL.m */; };
		D53DFC2317632EB6001A058B /* NSString+encodeURL.m in Sources */ = {isa = PBXBuildFile; fileRef = D53DFC1D17632EB6001A058B /* NSString+encodeURL.m */; };
		D53DFC2417632EB6001A058B /* NSString+toBase64.m in Sources */ = {isa = PBXBuildFile; fileRef = D53DFC1F17632EB6001A058B /* NSString+toBase64.m */; };
		D53DFC2517632EB6001A058B /* NSString+toBase64.m in Sources */ = {isa = PBXBuildFile; fileRef = D53DFC1F17632EB6001A058B /* NSString+toBase64.m */; };
		D5B7164B1754C1B4009E5C9D /* UIKit.framework in Frameworks */ = {isa = PBXBuildFile; fileRef = 1A9A0C26456CC23158EF2CFF /* UIKit.framework */; };
		D5B7164C1754C1B4009E5C9D /* Foundation.framework in Frameworks */ = {isa = PBXBuildFile; fileRef = 1A9A07FFEF91680BA2BD6228 /* Foundation.framework */; };
		D5B7164D1754C1B4009E5C9D /* CoreGraphics.framework in Frameworks */ = {isa = PBXBuildFile; fileRef = 1A9A0EB7F488137826B7377F /* CoreGraphics.framework */; };
		D5B716531754C1B4009E5C9D /* InfoPlist.strings in Resources */ = {isa = PBXBuildFile; fileRef = D5B716511754C1B4009E5C9D /* InfoPlist.strings */; };
		D5B716551754C1B4009E5C9D /* main.m in Sources */ = {isa = PBXBuildFile; fileRef = D5B716541754C1B4009E5C9D /* main.m */; };
		D5B716591754C1B4009E5C9D /* AppDelegate.m in Sources */ = {isa = PBXBuildFile; fileRef = D5B716581754C1B4009E5C9D /* AppDelegate.m */; };
		D5B7165B1754C1B4009E5C9D /* Default.png in Resources */ = {isa = PBXBuildFile; fileRef = D5B7165A1754C1B4009E5C9D /* Default.png */; };
		D5B7165D1754C1B4009E5C9D /* Default@2x.png in Resources */ = {isa = PBXBuildFile; fileRef = D5B7165C1754C1B4009E5C9D /* Default@2x.png */; };
		D5B7165F1754C1B4009E5C9D /* Default-568h@2x.png in Resources */ = {isa = PBXBuildFile; fileRef = D5B7165E1754C1B4009E5C9D /* Default-568h@2x.png */; };
/* End PBXBuildFile section */

/* Begin PBXFileReference section */
		1A9A0039FBF01876E3E901F7 /* ASAAppDelegate.m */ = {isa = PBXFileReference; lastKnownFileType = sourcecode.c.objc; path = ASAAppDelegate.m; sourceTree = "<group>"; };
		1A9A0051F86A8F5B647A1355 /* VKDocs.h */ = {isa = PBXFileReference; fileEncoding = 4; lastKnownFileType = sourcecode.c.h; path = VKDocs.h; sourceTree = "<group>"; };
		1A9A00B155BDE0A3ABC0211E /* Default@2x.png */ = {isa = PBXFileReference; lastKnownFileType = image.png; path = "Default@2x.png"; sourceTree = "<group>"; };
		1A9A00D0DEE8CD2182094481 /* main.m */ = {isa = PBXFileReference; lastKnownFileType = sourcecode.c.objc; path = main.m; sourceTree = "<group>"; };
		1A9A00E38CE1362F05A0618F /* VKWallPost.m */ = {isa = PBXFileReference; fileEncoding = 4; lastKnownFileType = sourcecode.c.objc; path = VKWallPost.m; sourceTree = "<group>"; };
		1A9A0124EAEE2A20177ADF49 /* VKAudioAlbums.m */ = {isa = PBXFileReference; fileEncoding = 4; lastKnownFileType = sourcecode.c.objc; path = VKAudioAlbums.m; sourceTree = "<group>"; };
		1A9A017CB724919A728CE13D /* VKLike.m */ = {isa = PBXFileReference; fileEncoding = 4; lastKnownFileType = sourcecode.c.objc; path = VKLike.m; sourceTree = "<group>"; };
		1A9A018DF5DD1C6A555A49E8 /* Default.png */ = {isa = PBXFileReference; lastKnownFileType = image.png; path = Default.png; sourceTree = "<group>"; };
		1A9A0210A3D90439A5D6AD51 /* VKMessages.h */ = {isa = PBXFileReference; fileEncoding = 4; lastKnownFileType = sourcecode.c.h; path = VKMessages.h; sourceTree = "<group>"; };
		1A9A025982C93EC644C91F33 /* VKGroup.h */ = {isa = PBXFileReference; fileEncoding = 4; lastKnownFileType = sourcecode.c.h; path = VKGroup.h; sourceTree = "<group>"; };
		1A9A025E6FF9CECB6F39CEDD /* VKLikes.h */ = {isa = PBXFileReference; fileEncoding = 4; lastKnownFileType = sourcecode.c.h; path = VKLikes.h; sourceTree = "<group>"; };
		1A9A0262D571B54F457BB63D /* VKPhoto.h */ = {isa = PBXFileReference; fileEncoding = 4; lastKnownFileType = sourcecode.c.h; path = VKPhoto.h; sourceTree = "<group>"; };
		1A9A03A0523C41FCB7623D7B /* Vkontakte iOS SDK_Project-Prefix.pch */ = {isa = PBXFileReference; lastKnownFileType = sourcecode.c.h; path = "Vkontakte iOS SDK_Project-Prefix.pch"; sourceTree = "<group>"; };
		1A9A03B45E722486ADFA931E /* VKUser.h */ = {isa = PBXFileReference; fileEncoding = 4; lastKnownFileType = sourcecode.c.h; path = VKUser.h; sourceTree = "<group>"; };
		1A9A03B9D5210479408AFF6B /* VKFriends.m */ = {isa = PBXFileReference; fileEncoding = 4; lastKnownFileType = sourcecode.c.objc; path = VKFriends.m; sourceTree = "<group>"; };
		1A9A03D1F059E6BBAC1DBD6B /* VKNewsfeed.m */ = {isa = PBXFileReference; fileEncoding = 4; lastKnownFileType = sourcecode.c.objc; path = VKNewsfeed.m; sourceTree = "<group>"; };
		1A9A03D8B3F1BA66E9425972 /* VKVideoAlbums.m */ = {isa = PBXFileReference; fileEncoding = 4; lastKnownFileType = sourcecode.c.objc; path = VKVideoAlbums.m; sourceTree = "<group>"; };
		1A9A03EA9C581F0298146535 /* ASAAppDelegate.h */ = {isa = PBXFileReference; lastKnownFileType = sourcecode.c.h; path = ASAAppDelegate.h; sourceTree = "<group>"; };
		1A9A03F29B0DB51F4835AA73 /* VKNote.m */ = {isa = PBXFileReference; fileEncoding = 4; lastKnownFileType = sourcecode.c.objc; path = VKNote.m; sourceTree = "<group>"; };
		1A9A0499759C6D7EE1B9A4C0 /* VKNotes.m */ = {isa = PBXFileReference; fileEncoding = 4; lastKnownFileType = sourcecode.c.objc; path = VKNotes.m; sourceTree = "<group>"; };
		1A9A0535A5A7788614CA47EE /* VKGroup.m */ = {isa = PBXFileReference; fileEncoding = 4; lastKnownFileType = sourcecode.c.objc; path = VKGroup.m; sourceTree = "<group>"; };
		1A9A054612F0FE102BBE25D4 /* VKDoc.h */ = {isa = PBXFileReference; fileEncoding = 4; lastKnownFileType = sourcecode.c.h; path = VKDoc.h; sourceTree = "<group>"; };
		1A9A0587BF17CC694A645154 /* VKFriends.h */ = {isa = PBXFileReference; fileEncoding = 4; lastKnownFileType = sourcecode.c.h; path = VKFriends.h; sourceTree = "<group>"; };
		1A9A0610724C7F0396436720 /* VKVideo.h */ = {isa = PBXFileReference; fileEncoding = 4; lastKnownFileType = sourcecode.c.h; path = VKVideo.h; sourceTree = "<group>"; };
		1A9A0611CB8C08F2EE101634 /* VKPlace.h */ = {isa = PBXFileReference; fileEncoding = 4; lastKnownFileType = sourcecode.c.h; path = VKPlace.h; sourceTree = "<group>"; };
		1A9A0637A924B9E4D01732A4 /* VKPhotoAlbums.m */ = {isa = PBXFileReference; fileEncoding = 4; lastKnownFileType = sourcecode.c.objc; path = VKPhotoAlbums.m; sourceTree = "<group>"; };
		1A9A06576C3A9E7A21C510C4 /* VKWall.m */ = {isa = PBXFileReference; fileEncoding = 4; lastKnownFileType = sourcecode.c.objc; path = VKWall.m; sourceTree = "<group>"; };
		1A9A06798AA53DA5DB8FF018 /* VKFavourites.m */ = {isa = PBXFileReference; fileEncoding = 4; lastKnownFileType = sourcecode.c.objc; path = VKFavourites.m; sourceTree = "<group>"; };
		1A9A0681645720448F45ACE4 /* Vkontakte iOS SDK_Project.app */ = {isa = PBXFileReference; explicitFileType = wrapper.application; includeInIndex = 0; path = "Vkontakte iOS SDK_Project.app"; sourceTree = BUILT_PRODUCTS_DIR; };
		1A9A06ABFD2D61D549794D15 /* en */ = {isa = PBXFileReference; lastKnownFileType = text.plist.strings; name = en; path = en.lproj/InfoPlist.strings; sourceTree = "<group>"; };
		1A9A070B6A7906D4AD8EFAEA /* VKMethods.h */ = {isa = PBXFileReference; fileEncoding = 4; lastKnownFileType = sourcecode.c.h; path = VKMethods.h; sourceTree = "<group>"; };
		1A9A0744E1129AB1AC260B81 /* VKLikes.m */ = {isa = PBXFileReference; fileEncoding = 4; lastKnownFileType = sourcecode.c.objc; path = VKLikes.m; sourceTree = "<group>"; };
		1A9A076F97676056422FD08B /* VKAccessToken.m */ = {isa = PBXFileReference; fileEncoding = 4; lastKnownFileType = sourcecode.c.objc; path = VKAccessToken.m; sourceTree = "<group>"; };
		1A9A077BAE0ACC5A30DD7CDA /* Vkontakte iOS SDK_Project-Info.plist */ = {isa = PBXFileReference; lastKnownFileType = text.plist.info; path = "Vkontakte iOS SDK_Project-Info.plist"; sourceTree = "<group>"; };
		1A9A07D60EA214876DC10A58 /* VKNewsfeed.h */ = {isa = PBXFileReference; fileEncoding = 4; lastKnownFileType = sourcecode.c.h; path = VKNewsfeed.h; sourceTree = "<group>"; };
		1A9A07DF3B63FAEA7934C525 /* VKAccessToken.h */ = {isa = PBXFileReference; fileEncoding = 4; lastKnownFileType = sourcecode.c.h; path = VKAccessToken.h; sourceTree = "<group>"; };
		1A9A07FFEF91680BA2BD6228 /* Foundation.framework */ = {isa = PBXFileReference; lastKnownFileType = wrapper.framework; name = Foundation.framework; path = System/Library/Frameworks/Foundation.framework; sourceTree = SDKROOT; };
		1A9A0815A6948C16F3ECCB62 /* VKWall.h */ = {isa = PBXFileReference; fileEncoding = 4; lastKnownFileType = sourcecode.c.h; path = VKWall.h; sourceTree = "<group>"; };
		1A9A084191B8A43D0AFC553E /* VKNotes.h */ = {isa = PBXFileReference; fileEncoding = 4; lastKnownFileType = sourcecode.c.h; path = VKNotes.h; sourceTree = "<group>"; };
		1A9A087000D823AF9A0021CF /* en */ = {isa = PBXFileReference; lastKnownFileType = file.xib; name = en; path = en.lproj/ASAViewController.xib; sourceTree = "<group>"; };
		1A9A089B28001993176C3A5B /* VKUser.m */ = {isa = PBXFileReference; fileEncoding = 4; lastKnownFileType = sourcecode.c.objc; path = VKUser.m; sourceTree = "<group>"; };
		1A9A08B59D50697CE8DE5494 /* VKGroups.h */ = {isa = PBXFileReference; fileEncoding = 4; lastKnownFileType = sourcecode.c.h; path = VKGroups.h; sourceTree = "<group>"; };
		1A9A08B5F0DAB74B3E7667C0 /* ASAViewController.m */ = {isa = PBXFileReference; lastKnownFileType = sourcecode.c.objc; path = ASAViewController.m; sourceTree = "<group>"; };
		1A9A08C866FA42DD463E6F90 /* VKPhotoAlbums.h */ = {isa = PBXFileReference; fileEncoding = 4; lastKnownFileType = sourcecode.c.h; path = VKPhotoAlbums.h; sourceTree = "<group>"; };
		1A9A09060D8321C9B15AAA77 /* ASAViewController.h */ = {isa = PBXFileReference; lastKnownFileType = sourcecode.c.h; path = ASAViewController.h; sourceTree = "<group>"; };
		1A9A09A050E907471891CE6A /* Default-568h@2x.png */ = {isa = PBXFileReference; lastKnownFileType = image.png; path = "Default-568h@2x.png"; sourceTree = "<group>"; };
		1A9A0A6F8774A56F45D438B9 /* VKPlace.m */ = {isa = PBXFileReference; fileEncoding = 4; lastKnownFileType = sourcecode.c.objc; path = VKPlace.m; sourceTree = "<group>"; };
		1A9A0AD0A8B39D6D6B3E80AB /* VKWallPost.h */ = {isa = PBXFileReference; fileEncoding = 4; lastKnownFileType = sourcecode.c.h; path = VKWallPost.h; sourceTree = "<group>"; };
		1A9A0AD50C6664186ABCBCC0 /* VKLike.h */ = {isa = PBXFileReference; fileEncoding = 4; lastKnownFileType = sourcecode.c.h; path = VKLike.h; sourceTree = "<group>"; };
		1A9A0C09D80AD9900AB0EAD1 /* VKAudio.m */ = {isa = PBXFileReference; fileEncoding = 4; lastKnownFileType = sourcecode.c.objc; path = VKAudio.m; sourceTree = "<group>"; };
		1A9A0C1AFB20A72D20581CA0 /* VKMessages.m */ = {isa = PBXFileReference; fileEncoding = 4; lastKnownFileType = sourcecode.c.objc; path = VKMessages.m; sourceTree = "<group>"; };
		1A9A0C26456CC23158EF2CFF /* UIKit.framework */ = {isa = PBXFileReference; lastKnownFileType = wrapper.framework; name = UIKit.framework; path = System/Library/Frameworks/UIKit.framework; sourceTree = SDKROOT; };
		1A9A0C42A1A446C385BBEF6A /* VKPhoto.m */ = {isa = PBXFileReference; fileEncoding = 4; lastKnownFileType = sourcecode.c.objc; path = VKPhoto.m; sourceTree = "<group>"; };
		1A9A0C5B094703E927C55E46 /* VKStatus.m */ = {isa = PBXFileReference; fileEncoding = 4; lastKnownFileType = sourcecode.c.objc; path = VKStatus.m; sourceTree = "<group>"; };
		1A9A0C64CA76A663DA785F91 /* VKVideoAlbums.h */ = {isa = PBXFileReference; fileEncoding = 4; lastKnownFileType = sourcecode.c.h; path = VKVideoAlbums.h; sourceTree = "<group>"; };
		1A9A0C7AA5E3472C557FFDD4 /* VKVideo.m */ = {isa = PBXFileReference; fileEncoding = 4; lastKnownFileType = sourcecode.c.objc; path = VKVideo.m; sourceTree = "<group>"; };
		1A9A0C825AEAF2CD114D5F0D /* VKStatus.h */ = {isa = PBXFileReference; fileEncoding = 4; lastKnownFileType = sourcecode.c.h; path = VKStatus.h; sourceTree = "<group>"; };
		1A9A0C9557E69580077087A5 /* VKMessage.m */ = {isa = PBXFileReference; fileEncoding = 4; lastKnownFileType = sourcecode.c.objc; path = VKMessage.m; sourceTree = "<group>"; };
		1A9A0CA75C64197B04FB3B0D /* VKDocs.m */ = {isa = PBXFileReference; fileEncoding = 4; lastKnownFileType = sourcecode.c.objc; path = VKDocs.m; sourceTree = "<group>"; };
		1A9A0D11F86E4C9A0A922F1A /* VKAudio.h */ = {isa = PBXFileReference; fileEncoding = 4; lastKnownFileType = sourcecode.c.h; path = VKAudio.h; sourceTree = "<group>"; };
		1A9A0D6240D2F2C5B321D5E7 /* VKGroups.m */ = {isa = PBXFileReference; fileEncoding = 4; lastKnownFileType = sourcecode.c.objc; path = VKGroups.m; sourceTree = "<group>"; };
		1A9A0D835AE6DB69D3202212 /* VKPlaces.h */ = {isa = PBXFileReference; fileEncoding = 4; lastKnownFileType = sourcecode.c.h; path = VKPlaces.h; sourceTree = "<group>"; };
		1A9A0DFDBE1C877F0B132D35 /* VKConnector.h */ = {isa = PBXFileReference; fileEncoding = 4; lastKnownFileType = sourcecode.c.h; path = VKConnector.h; sourceTree = "<group>"; };
		1A9A0E4288D94B4067010FFE /* VKFavourites.h */ = {isa = PBXFileReference; fileEncoding = 4; lastKnownFileType = sourcecode.c.h; path = VKFavourites.h; sourceTree = "<group>"; };
		1A9A0E9B2A369374D8A7032F /* VKDoc.m */ = {isa = PBXFileReference; fileEncoding = 4; lastKnownFileType = sourcecode.c.objc; path = VKDoc.m; sourceTree = "<group>"; };
		1A9A0EB5B33B50156CCB4480 /* VKPlaces.m */ = {isa = PBXFileReference; fileEncoding = 4; lastKnownFileType = sourcecode.c.objc; path = VKPlaces.m; sourceTree = "<group>"; };
		1A9A0EB7F488137826B7377F /* CoreGraphics.framework */ = {isa = PBXFileReference; lastKnownFileType = wrapper.framework; name = CoreGraphics.framework; path = System/Library/Frameworks/CoreGraphics.framework; sourceTree = SDKROOT; };
		1A9A0EFCB6EAED5845E2BA91 /* VKNote.h */ = {isa = PBXFileReference; fileEncoding = 4; lastKnownFileType = sourcecode.c.h; path = VKNote.h; sourceTree = "<group>"; };
		1A9A0F455C140DDD6C719282 /* VKConnector.m */ = {isa = PBXFileReference; fileEncoding = 4; lastKnownFileType = sourcecode.c.objc; path = VKConnector.m; sourceTree = "<group>"; };
		1A9A0FA6702D8DA45DB54F2E /* VKAudioAlbums.h */ = {isa = PBXFileReference; fileEncoding = 4; lastKnownFileType = sourcecode.c.h; path = VKAudioAlbums.h; sourceTree = "<group>"; };
		1A9A0FFFFA1104A648564B2A /* VKMessage.h */ = {isa = PBXFileReference; fileEncoding = 4; lastKnownFileType = sourcecode.c.h; path = VKMessage.h; sourceTree = "<group>"; };
		D53DFBEF17632CF6001A058B /* VKRequest.h */ = {isa = PBXFileReference; fileEncoding = 4; lastKnownFileType = sourcecode.c.h; path = VKRequest.h; sourceTree = "<group>"; };
		D53DFBF017632CF6001A058B /* VKRequest.m */ = {isa = PBXFileReference; fileEncoding = 4; lastKnownFileType = sourcecode.c.objc; path = VKRequest.m; sourceTree = "<group>"; };
		D53DFBF517632D6A001A058B /* AFHTTPClient.h */ = {isa = PBXFileReference; fileEncoding = 4; lastKnownFileType = sourcecode.c.h; path = AFHTTPClient.h; sourceTree = "<group>"; };
		D53DFBF617632D6A001A058B /* AFHTTPClient.m */ = {isa = PBXFileReference; fileEncoding = 4; lastKnownFileType = sourcecode.c.objc; path = AFHTTPClient.m; sourceTree = "<group>"; };
		D53DFBF717632D6A001A058B /* AFHTTPRequestOperation.h */ = {isa = PBXFileReference; fileEncoding = 4; lastKnownFileType = sourcecode.c.h; path = AFHTTPRequestOperation.h; sourceTree = "<group>"; };
		D53DFBF817632D6A001A058B /* AFHTTPRequestOperation.m */ = {isa = PBXFileReference; fileEncoding = 4; lastKnownFileType = sourcecode.c.objc; path = AFHTTPRequestOperation.m; sourceTree = "<group>"; };
		D53DFBF917632D6A001A058B /* AFImageRequestOperation.h */ = {isa = PBXFileReference; fileEncoding = 4; lastKnownFileType = sourcecode.c.h; path = AFImageRequestOperation.h; sourceTree = "<group>"; };
		D53DFBFA17632D6A001A058B /* AFImageRequestOperation.m */ = {isa = PBXFileReference; fileEncoding = 4; lastKnownFileType = sourcecode.c.objc; path = AFImageRequestOperation.m; sourceTree = "<group>"; };
		D53DFBFB17632D6A001A058B /* AFJSONRequestOperation.h */ = {isa = PBXFileReference; fileEncoding = 4; lastKnownFileType = sourcecode.c.h; path = AFJSONRequestOperation.h; sourceTree = "<group>"; };
		D53DFBFC17632D6A001A058B /* AFJSONRequestOperation.m */ = {isa = PBXFileReference; fileEncoding = 4; lastKnownFileType = sourcecode.c.objc; path = AFJSONRequestOperation.m; sourceTree = "<group>"; };
		D53DFBFD17632D6A001A058B /* AFNetworkActivityIndicatorManager.h */ = {isa = PBXFileReference; fileEncoding = 4; lastKnownFileType = sourcecode.c.h; path = AFNetworkActivityIndicatorManager.h; sourceTree = "<group>"; };
		D53DFBFE17632D6A001A058B /* AFNetworkActivityIndicatorManager.m */ = {isa = PBXFileReference; fileEncoding = 4; lastKnownFileType = sourcecode.c.objc; path = AFNetworkActivityIndicatorManager.m; sourceTree = "<group>"; };
		D53DFBFF17632D6A001A058B /* AFNetworking.h */ = {isa = PBXFileReference; fileEncoding = 4; lastKnownFileType = sourcecode.c.h; path = AFNetworking.h; sourceTree = "<group>"; };
		D53DFC0017632D6A001A058B /* AFPropertyListRequestOperation.h */ = {isa = PBXFileReference; fileEncoding = 4; lastKnownFileType = sourcecode.c.h; path = AFPropertyListRequestOperation.h; sourceTree = "<group>"; };
		D53DFC0117632D6A001A058B /* AFPropertyListRequestOperation.m */ = {isa = PBXFileReference; fileEncoding = 4; lastKnownFileType = sourcecode.c.objc; path = AFPropertyListRequestOperation.m; sourceTree = "<group>"; };
		D53DFC0217632D6A001A058B /* AFURLConnectionOperation.h */ = {isa = PBXFileReference; fileEncoding = 4; lastKnownFileType = sourcecode.c.h; path = AFURLConnectionOperation.h; sourceTree = "<group>"; };
		D53DFC0317632D6A001A058B /* AFURLConnectionOperation.m */ = {isa = PBXFileReference; fileEncoding = 4; lastKnownFileType = sourcecode.c.objc; path = AFURLConnectionOperation.m; sourceTree = "<group>"; };
		D53DFC0417632D6A001A058B /* AFXMLRequestOperation.h */ = {isa = PBXFileReference; fileEncoding = 4; lastKnownFileType = sourcecode.c.h; path = AFXMLRequestOperation.h; sourceTree = "<group>"; };
		D53DFC0517632D6A001A058B /* AFXMLRequestOperation.m */ = {isa = PBXFileReference; fileEncoding = 4; lastKnownFileType = sourcecode.c.objc; path = AFXMLRequestOperation.m; sourceTree = "<group>"; };
		D53DFC0617632D6A001A058B /* UIImageView+AFNetworking.h */ = {isa = PBXFileReference; fileEncoding = 4; lastKnownFileType = sourcecode.c.h; path = "UIImageView+AFNetworking.h"; sourceTree = "<group>"; };
		D53DFC0717632D6A001A058B /* UIImageView+AFNetworking.m */ = {isa = PBXFileReference; fileEncoding = 4; lastKnownFileType = sourcecode.c.objc; path = "UIImageView+AFNetworking.m"; sourceTree = "<group>"; };
		D53DFC1A17632EB6001A058B /* NSData+toBase64.h */ = {isa = PBXFileReference; fileEncoding = 4; lastKnownFileType = sourcecode.c.h; path = "NSData+toBase64.h"; sourceTree = "<group>"; };
		D53DFC1B17632EB6001A058B /* NSData+toBase64.m */ = {isa = PBXFileReference; fileEncoding = 4; lastKnownFileType = sourcecode.c.objc; path = "NSData+toBase64.m"; sourceTree = "<group>"; };
		D53DFC1C17632EB6001A058B /* NSString+encodeURL.h */ = {isa = PBXFileReference; fileEncoding = 4; lastKnownFileType = sourcecode.c.h; path = "NSString+encodeURL.h"; sourceTree = "<group>"; };
		D53DFC1D17632EB6001A058B /* NSString+encodeURL.m */ = {isa = PBXFileReference; fileEncoding = 4; lastKnownFileType = sourcecode.c.objc; path = "NSString+encodeURL.m"; sourceTree = "<group>"; };
		D53DFC1E17632EB6001A058B /* NSString+toBase64.h */ = {isa = PBXFileReference; fileEncoding = 4; lastKnownFileType = sourcecode.c.h; path = "NSString+toBase64.h"; sourceTree = "<group>"; };
		D53DFC1F17632EB6001A058B /* NSString+toBase64.m */ = {isa = PBXFileReference; fileEncoding = 4; lastKnownFileType = sourcecode.c.objc; path = "NSString+toBase64.m"; sourceTree = "<group>"; };
		D53DFC2717633613001A058B /* VKVkontakteMethods.h */ = {isa = PBXFileReference; fileEncoding = 4; lastKnownFileType = sourcecode.c.h; path = VKVkontakteMethods.h; sourceTree = "<group>"; };
		D5B7164A1754C1B4009E5C9D /* VkontakteSDK_Documentation.app */ = {isa = PBXFileReference; explicitFileType = wrapper.application; includeInIndex = 0; path = VkontakteSDK_Documentation.app; sourceTree = BUILT_PRODUCTS_DIR; };
		D5B716501754C1B4009E5C9D /* VkontakteSDK_Documentation-Info.plist */ = {isa = PBXFileReference; lastKnownFileType = text.plist.xml; path = "VkontakteSDK_Documentation-Info.plist"; sourceTree = "<group>"; };
		D5B716521754C1B4009E5C9D /* en */ = {isa = PBXFileReference; lastKnownFileType = text.plist.strings; name = en; path = en.lproj/InfoPlist.strings; sourceTree = "<group>"; };
		D5B716541754C1B4009E5C9D /* main.m */ = {isa = PBXFileReference; lastKnownFileType = sourcecode.c.objc; path = main.m; sourceTree = "<group>"; };
		D5B716561754C1B4009E5C9D /* VkontakteSDK_Documentation-Prefix.pch */ = {isa = PBXFileReference; lastKnownFileType = sourcecode.c.h; path = "VkontakteSDK_Documentation-Prefix.pch"; sourceTree = "<group>"; };
		D5B716571754C1B4009E5C9D /* AppDelegate.h */ = {isa = PBXFileReference; lastKnownFileType = sourcecode.c.h; path = AppDelegate.h; sourceTree = "<group>"; };
		D5B716581754C1B4009E5C9D /* AppDelegate.m */ = {isa = PBXFileReference; lastKnownFileType = sourcecode.c.objc; path = AppDelegate.m; sourceTree = "<group>"; };
		D5B7165A1754C1B4009E5C9D /* Default.png */ = {isa = PBXFileReference; lastKnownFileType = image.png; path = Default.png; sourceTree = "<group>"; };
		D5B7165C1754C1B4009E5C9D /* Default@2x.png */ = {isa = PBXFileReference; lastKnownFileType = image.png; path = "Default@2x.png"; sourceTree = "<group>"; };
		D5B7165E1754C1B4009E5C9D /* Default-568h@2x.png */ = {isa = PBXFileReference; lastKnownFileType = image.png; path = "Default-568h@2x.png"; sourceTree = "<group>"; };
/* End PBXFileReference section */

/* Begin PBXFrameworksBuildPhase section */
		1A9A0A621197D5619F7F4DC5 /* Frameworks */ = {
			isa = PBXFrameworksBuildPhase;
			buildActionMask = 2147483647;
			files = (
				1A9A094B5B316BF5F1F651CD /* UIKit.framework in Frameworks */,
				1A9A0F0803D519C8C9EDBD1D /* Foundation.framework in Frameworks */,
				1A9A0965BAB32B05C7F5A862 /* CoreGraphics.framework in Frameworks */,
			);
			runOnlyForDeploymentPostprocessing = 0;
		};
		D5B716471754C1B4009E5C9D /* Frameworks */ = {
			isa = PBXFrameworksBuildPhase;
			buildActionMask = 2147483647;
			files = (
				D5B7164B1754C1B4009E5C9D /* UIKit.framework in Frameworks */,
				D5B7164C1754C1B4009E5C9D /* Foundation.framework in Frameworks */,
				D5B7164D1754C1B4009E5C9D /* CoreGraphics.framework in Frameworks */,
			);
			runOnlyForDeploymentPostprocessing = 0;
		};
/* End PBXFrameworksBuildPhase section */

/* Begin PBXGroup section */
		1A9A001C5D81E2115B7B1F83 /* VKWall */ = {
			isa = PBXGroup;
			children = (
				1A9A05C28A58AA213BEB4803 /* VKWallPost */,
				1A9A06576C3A9E7A21C510C4 /* VKWall.m */,
				1A9A0815A6948C16F3ECCB62 /* VKWall.h */,
			);
			path = VKWall;
			sourceTree = "<group>";
		};
		1A9A00CE1E7DDF7005EA6FC8 /* VKAudioAlbums */ = {
			isa = PBXGroup;
			children = (
				1A9A01666C6ACEE46AAEB396 /* VKAudio */,
				1A9A0124EAEE2A20177ADF49 /* VKAudioAlbums.m */,
				1A9A0FA6702D8DA45DB54F2E /* VKAudioAlbums.h */,
			);
			path = VKAudioAlbums;
			sourceTree = "<group>";
		};
		1A9A00DDE621F47C6F8AD479 /* VKVideoAlbums */ = {
			isa = PBXGroup;
			children = (
				1A9A0DEC9D5FF8761D236D11 /* VKVideo */,
				1A9A03D8B3F1BA66E9425972 /* VKVideoAlbums.m */,
				1A9A0C64CA76A663DA785F91 /* VKVideoAlbums.h */,
			);
			path = VKVideoAlbums;
			sourceTree = "<group>";
		};
		1A9A0157F74B92B5602174C4 /* VKFriends */ = {
			isa = PBXGroup;
			children = (
				1A9A03B9D5210479408AFF6B /* VKFriends.m */,
				1A9A0587BF17CC694A645154 /* VKFriends.h */,
			);
			path = VKFriends;
			sourceTree = "<group>";
		};
		1A9A01666C6ACEE46AAEB396 /* VKAudio */ = {
			isa = PBXGroup;
			children = (
				1A9A0C09D80AD9900AB0EAD1 /* VKAudio.m */,
				1A9A0D11F86E4C9A0A922F1A /* VKAudio.h */,
			);
			path = VKAudio;
			sourceTree = "<group>";
		};
		1A9A020E8A7DEDBDF7BFB633 /* VKDocs */ = {
			isa = PBXGroup;
			children = (
				1A9A0216AE199EAE01A46301 /* VKDoc */,
				1A9A0CA75C64197B04FB3B0D /* VKDocs.m */,
				1A9A0051F86A8F5B647A1355 /* VKDocs.h */,
			);
			path = VKDocs;
			sourceTree = "<group>";
		};
		1A9A0216AE199EAE01A46301 /* VKDoc */ = {
			isa = PBXGroup;
			children = (
				1A9A0E9B2A369374D8A7032F /* VKDoc.m */,
				1A9A054612F0FE102BBE25D4 /* VKDoc.h */,
			);
			path = VKDoc;
			sourceTree = "<group>";
		};
		1A9A0245151802445D8F5740 /* VKStatus */ = {
			isa = PBXGroup;
			children = (
				1A9A0C5B094703E927C55E46 /* VKStatus.m */,
				1A9A0C825AEAF2CD114D5F0D /* VKStatus.h */,
			);
			path = VKStatus;
			sourceTree = "<group>";
		};
		1A9A0295DFEB03F31BEB283E /* VKGroup */ = {
			isa = PBXGroup;
			children = (
				1A9A0535A5A7788614CA47EE /* VKGroup.m */,
				1A9A025982C93EC644C91F33 /* VKGroup.h */,
			);
			path = VKGroup;
			sourceTree = "<group>";
		};
		1A9A02AA66CB4CA7DBF722A9 /* VKNotes */ = {
			isa = PBXGroup;
			children = (
				1A9A0547325BE22F5266100B /* VKNote */,
				1A9A0499759C6D7EE1B9A4C0 /* VKNotes.m */,
				1A9A084191B8A43D0AFC553E /* VKNotes.h */,
			);
			path = VKNotes;
			sourceTree = "<group>";
		};
		1A9A0347387B2677FBB61C5F /* VKPlace */ = {
			isa = PBXGroup;
			children = (
				1A9A0611CB8C08F2EE101634 /* VKPlace.h */,
				1A9A0A6F8774A56F45D438B9 /* VKPlace.m */,
			);
			path = VKPlace;
			sourceTree = "<group>";
		};
		1A9A0384D54F92D2FFAD5351 /* Supporting Files */ = {
			isa = PBXGroup;
			children = (
				1A9A077BAE0ACC5A30DD7CDA /* Vkontakte iOS SDK_Project-Info.plist */,
				1A9A0E6E23C1FCE8D3FE60F1 /* InfoPlist.strings */,
				1A9A00D0DEE8CD2182094481 /* main.m */,
				1A9A03A0523C41FCB7623D7B /* Vkontakte iOS SDK_Project-Prefix.pch */,
				1A9A018DF5DD1C6A555A49E8 /* Default.png */,
				1A9A00B155BDE0A3ABC0211E /* Default@2x.png */,
				1A9A09A050E907471891CE6A /* Default-568h@2x.png */,
			);
			name = "Supporting Files";
			sourceTree = "<group>";
		};
		1A9A0547325BE22F5266100B /* VKNote */ = {
			isa = PBXGroup;
			children = (
				1A9A03F29B0DB51F4835AA73 /* VKNote.m */,
				1A9A0EFCB6EAED5845E2BA91 /* VKNote.h */,
			);
			path = VKNote;
			sourceTree = "<group>";
		};
		1A9A05C28A58AA213BEB4803 /* VKWallPost */ = {
			isa = PBXGroup;
			children = (
				1A9A00E38CE1362F05A0618F /* VKWallPost.m */,
				1A9A0AD0A8B39D6D6B3E80AB /* VKWallPost.h */,
			);
			path = VKWallPost;
			sourceTree = "<group>";
		};
		1A9A05EEA89C06908A3A5591 /* VKConnector */ = {
			isa = PBXGroup;
			children = (
				1A9A0DFDBE1C877F0B132D35 /* VKConnector.h */,
				1A9A0F455C140DDD6C719282 /* VKConnector.m */,
				1A9A070B6A7906D4AD8EFAEA /* VKMethods.h */,
			);
			path = VKConnector;
			sourceTree = "<group>";
		};
		1A9A060E71A5EC0E5A9A2881 /* Products */ = {
			isa = PBXGroup;
			children = (
				1A9A0681645720448F45ACE4 /* Vkontakte iOS SDK_Project.app */,
				D5B7164A1754C1B4009E5C9D /* VkontakteSDK_Documentation.app */,
			);
			name = Products;
			sourceTree = "<group>";
		};
		1A9A0746EC056904BCEE8F36 /* VKMessage */ = {
			isa = PBXGroup;
			children = (
				1A9A0C9557E69580077087A5 /* VKMessage.m */,
				1A9A0FFFFA1104A648564B2A /* VKMessage.h */,
			);
			path = VKMessage;
			sourceTree = "<group>";
		};
		1A9A0874B600E50617904C9D /* Frameworks */ = {
			isa = PBXGroup;
			children = (
				1A9A0C26456CC23158EF2CFF /* UIKit.framework */,
				1A9A07FFEF91680BA2BD6228 /* Foundation.framework */,
				1A9A0EB7F488137826B7377F /* CoreGraphics.framework */,
			);
			name = Frameworks;
			sourceTree = "<group>";
		};
		1A9A0935793CE2324E23A43F /* VKPhotoAlbums */ = {
			isa = PBXGroup;
			children = (
				1A9A0BAD8EA54E7B3971AF30 /* VKPhoto */,
				1A9A0637A924B9E4D01732A4 /* VKPhotoAlbums.m */,
				1A9A08C866FA42DD463E6F90 /* VKPhotoAlbums.h */,
			);
			path = VKPhotoAlbums;
			sourceTree = "<group>";
		};
		1A9A0960D673088D28F959DA /* VKPlaces */ = {
			isa = PBXGroup;
			children = (
				1A9A0347387B2677FBB61C5F /* VKPlace */,
				1A9A0EB5B33B50156CCB4480 /* VKPlaces.m */,
				1A9A0D835AE6DB69D3202212 /* VKPlaces.h */,
			);
			path = VKPlaces;
			sourceTree = "<group>";
		};
		1A9A09B96C68730C8D37CD75 /* VkontakteSDK_Source */ = {
			isa = PBXGroup;
			children = (
				D53DFC2617633602001A058B /* VKMethods */,
				D53DFBF317632D6A001A058B /* Libraries */,
				D53DFBEE17632CE1001A058B /* VKRequest */,
				1A9A05EEA89C06908A3A5591 /* VKConnector */,
				1A9A0BA3F3EE9306260F7E03 /* VKUser */,
				1A9A0EB8F589AD61CC22490A /* VKAccessToken */,
				1A9A001C5D81E2115B7B1F83 /* VKWall */,
				1A9A0935793CE2324E23A43F /* VKPhotoAlbums */,
				1A9A0157F74B92B5602174C4 /* VKFriends */,
				1A9A0245151802445D8F5740 /* VKStatus */,
				1A9A00CE1E7DDF7005EA6FC8 /* VKAudioAlbums */,
				1A9A0E6347B0902CEFEA4B5E /* VKGroups */,
				1A9A00DDE621F47C6F8AD479 /* VKVideoAlbums */,
				1A9A02AA66CB4CA7DBF722A9 /* VKNotes */,
				1A9A0960D673088D28F959DA /* VKPlaces */,
				1A9A0F512FA90074BFF01AF0 /* VKMessages */,
				1A9A0C635EF1CF31CB82DB13 /* VKNewsfeed */,
				1A9A0FAD6484F5727BBBF8CB /* VKLikes */,
				1A9A020E8A7DEDBDF7BFB633 /* VKDocs */,
				1A9A0E20169C714616464115 /* VKFavourites */,
			);
			path = VkontakteSDK_Source;
			sourceTree = "<group>";
		};
		1A9A0A7544AE5066586AEC74 /* Vkontakte iOS SDK_Project */ = {
			isa = PBXGroup;
			children = (
				1A9A0384D54F92D2FFAD5351 /* Supporting Files */,
				1A9A03EA9C581F0298146535 /* ASAAppDelegate.h */,
				1A9A0039FBF01876E3E901F7 /* ASAAppDelegate.m */,
				1A9A09060D8321C9B15AAA77 /* ASAViewController.h */,
				1A9A08B5F0DAB74B3E7667C0 /* ASAViewController.m */,
				1A9A08D62A11B3F5E77C7492 /* ASAViewController.xib */,
			);
			path = "Vkontakte iOS SDK_Project";
			sourceTree = "<group>";
		};
		1A9A0AA5A6CD6C1AC84F3B96 = {
			isa = PBXGroup;
			children = (
				D5B7164E1754C1B4009E5C9D /* VkontakteSDK_Documentation */,
				1A9A060E71A5EC0E5A9A2881 /* Products */,
				1A9A0874B600E50617904C9D /* Frameworks */,
				1A9A0A7544AE5066586AEC74 /* Vkontakte iOS SDK_Project */,
				1A9A09B96C68730C8D37CD75 /* VkontakteSDK_Source */,
			);
			sourceTree = "<group>";
		};
		1A9A0BA3F3EE9306260F7E03 /* VKUser */ = {
			isa = PBXGroup;
			children = (
				1A9A089B28001993176C3A5B /* VKUser.m */,
				1A9A03B45E722486ADFA931E /* VKUser.h */,
			);
			path = VKUser;
			sourceTree = "<group>";
		};
		1A9A0BAD8EA54E7B3971AF30 /* VKPhoto */ = {
			isa = PBXGroup;
			children = (
				1A9A0C42A1A446C385BBEF6A /* VKPhoto.m */,
				1A9A0262D571B54F457BB63D /* VKPhoto.h */,
			);
			path = VKPhoto;
			sourceTree = "<group>";
		};
		1A9A0C635EF1CF31CB82DB13 /* VKNewsfeed */ = {
			isa = PBXGroup;
			children = (
				1A9A03D1F059E6BBAC1DBD6B /* VKNewsfeed.m */,
				1A9A07D60EA214876DC10A58 /* VKNewsfeed.h */,
			);
			path = VKNewsfeed;
			sourceTree = "<group>";
		};
		1A9A0D8828050BB941D46DCE /* VKLike */ = {
			isa = PBXGroup;
			children = (
				1A9A017CB724919A728CE13D /* VKLike.m */,
				1A9A0AD50C6664186ABCBCC0 /* VKLike.h */,
			);
			path = VKLike;
			sourceTree = "<group>";
		};
		1A9A0DEC9D5FF8761D236D11 /* VKVideo */ = {
			isa = PBXGroup;
			children = (
				1A9A0C7AA5E3472C557FFDD4 /* VKVideo.m */,
				1A9A0610724C7F0396436720 /* VKVideo.h */,
			);
			path = VKVideo;
			sourceTree = "<group>";
		};
		1A9A0E20169C714616464115 /* VKFavourites */ = {
			isa = PBXGroup;
			children = (
				1A9A06798AA53DA5DB8FF018 /* VKFavourites.m */,
				1A9A0E4288D94B4067010FFE /* VKFavourites.h */,
			);
			path = VKFavourites;
			sourceTree = "<group>";
		};
		1A9A0E6347B0902CEFEA4B5E /* VKGroups */ = {
			isa = PBXGroup;
			children = (
				1A9A0295DFEB03F31BEB283E /* VKGroup */,
				1A9A0D6240D2F2C5B321D5E7 /* VKGroups.m */,
				1A9A08B59D50697CE8DE5494 /* VKGroups.h */,
			);
			path = VKGroups;
			sourceTree = "<group>";
		};
		1A9A0EB8F589AD61CC22490A /* VKAccessToken */ = {
			isa = PBXGroup;
			children = (
				1A9A076F97676056422FD08B /* VKAccessToken.m */,
				1A9A07DF3B63FAEA7934C525 /* VKAccessToken.h */,
			);
			path = VKAccessToken;
			sourceTree = "<group>";
		};
		1A9A0F512FA90074BFF01AF0 /* VKMessages */ = {
			isa = PBXGroup;
			children = (
				1A9A0746EC056904BCEE8F36 /* VKMessage */,
				1A9A0C1AFB20A72D20581CA0 /* VKMessages.m */,
				1A9A0210A3D90439A5D6AD51 /* VKMessages.h */,
			);
			path = VKMessages;
			sourceTree = "<group>";
		};
		1A9A0FAD6484F5727BBBF8CB /* VKLikes */ = {
			isa = PBXGroup;
			children = (
				1A9A0D8828050BB941D46DCE /* VKLike */,
				1A9A0744E1129AB1AC260B81 /* VKLikes.m */,
				1A9A025E6FF9CECB6F39CEDD /* VKLikes.h */,
			);
			path = VKLikes;
			sourceTree = "<group>";
		};
		D53DFBEE17632CE1001A058B /* VKRequest */ = {
			isa = PBXGroup;
			children = (
				D53DFBEF17632CF6001A058B /* VKRequest.h */,
				D53DFBF017632CF6001A058B /* VKRequest.m */,
			);
			path = VKRequest;
			sourceTree = "<group>";
		};
		D53DFBF317632D6A001A058B /* Libraries */ = {
			isa = PBXGroup;
			children = (
				D53DFC1A17632EB6001A058B /* NSData+toBase64.h */,
				D53DFC1B17632EB6001A058B /* NSData+toBase64.m */,
				D53DFC1C17632EB6001A058B /* NSString+encodeURL.h */,
				D53DFC1D17632EB6001A058B /* NSString+encodeURL.m */,
				D53DFC1E17632EB6001A058B /* NSString+toBase64.h */,
				D53DFC1F17632EB6001A058B /* NSString+toBase64.m */,
				D53DFBF417632D6A001A058B /* AFNetworking */,
			);
			path = Libraries;
			sourceTree = "<group>";
		};
		D53DFBF417632D6A001A058B /* AFNetworking */ = {
			isa = PBXGroup;
			children = (
				D53DFBF517632D6A001A058B /* AFHTTPClient.h */,
				D53DFBF617632D6A001A058B /* AFHTTPClient.m */,
				D53DFBF717632D6A001A058B /* AFHTTPRequestOperation.h */,
				D53DFBF817632D6A001A058B /* AFHTTPRequestOperation.m */,
				D53DFBF917632D6A001A058B /* AFImageRequestOperation.h */,
				D53DFBFA17632D6A001A058B /* AFImageRequestOperation.m */,
				D53DFBFB17632D6A001A058B /* AFJSONRequestOperation.h */,
				D53DFBFC17632D6A001A058B /* AFJSONRequestOperation.m */,
				D53DFBFD17632D6A001A058B /* AFNetworkActivityIndicatorManager.h */,
				D53DFBFE17632D6A001A058B /* AFNetworkActivityIndicatorManager.m */,
				D53DFBFF17632D6A001A058B /* AFNetworking.h */,
				D53DFC0017632D6A001A058B /* AFPropertyListRequestOperation.h */,
				D53DFC0117632D6A001A058B /* AFPropertyListRequestOperation.m */,
				D53DFC0217632D6A001A058B /* AFURLConnectionOperation.h */,
				D53DFC0317632D6A001A058B /* AFURLConnectionOperation.m */,
				D53DFC0417632D6A001A058B /* AFXMLRequestOperation.h */,
				D53DFC0517632D6A001A058B /* AFXMLRequestOperation.m */,
				D53DFC0617632D6A001A058B /* UIImageView+AFNetworking.h */,
				D53DFC0717632D6A001A058B /* UIImageView+AFNetworking.m */,
			);
			path = AFNetworking;
			sourceTree = "<group>";
		};
		D53DFC2617633602001A058B /* VKMethods */ = {
			isa = PBXGroup;
			children = (
				D53DFC2717633613001A058B /* VKVkontakteMethods.h */,
			);
			path = VKMethods;
			sourceTree = "<group>";
		};
		D5B7164E1754C1B4009E5C9D /* VkontakteSDK_Documentation */ = {
			isa = PBXGroup;
			children = (
				D5B716571754C1B4009E5C9D /* AppDelegate.h */,
				D5B716581754C1B4009E5C9D /* AppDelegate.m */,
				D5B7164F1754C1B4009E5C9D /* Supporting Files */,
			);
			path = VkontakteSDK_Documentation;
			sourceTree = "<group>";
		};
		D5B7164F1754C1B4009E5C9D /* Supporting Files */ = {
			isa = PBXGroup;
			children = (
				D5B716501754C1B4009E5C9D /* VkontakteSDK_Documentation-Info.plist */,
				D5B716511754C1B4009E5C9D /* InfoPlist.strings */,
				D5B716541754C1B4009E5C9D /* main.m */,
				D5B716561754C1B4009E5C9D /* VkontakteSDK_Documentation-Prefix.pch */,
				D5B7165A1754C1B4009E5C9D /* Default.png */,
				D5B7165C1754C1B4009E5C9D /* Default@2x.png */,
				D5B7165E1754C1B4009E5C9D /* Default-568h@2x.png */,
			);
			name = "Supporting Files";
			sourceTree = "<group>";
		};
/* End PBXGroup section */

/* Begin PBXNativeTarget section */
		1A9A07E312B37B1763F3E826 /* Vkontakte iOS SDK_Project */ = {
			isa = PBXNativeTarget;
			buildConfigurationList = 1A9A0FC65C12C8DCAE27B5B8 /* Build configuration list for PBXNativeTarget "Vkontakte iOS SDK_Project" */;
			buildPhases = (
				1A9A0BB06DB2CD59FABF4084 /* Sources */,
				1A9A0A621197D5619F7F4DC5 /* Frameworks */,
				1A9A0AB06059D64BF03FC389 /* Resources */,
			);
			buildRules = (
			);
			dependencies = (
			);
			name = "Vkontakte iOS SDK_Project";
			productName = "Vkontakte iOS SDK_Project";
			productReference = 1A9A0681645720448F45ACE4 /* Vkontakte iOS SDK_Project.app */;
			productType = "com.apple.product-type.application";
		};
		D5B716491754C1B4009E5C9D /* VkontakteSDK_Documentation */ = {
			isa = PBXNativeTarget;
			buildConfigurationList = D5B716621754C1B4009E5C9D /* Build configuration list for PBXNativeTarget "VkontakteSDK_Documentation" */;
			buildPhases = (
				D5B716461754C1B4009E5C9D /* Sources */,
				D5B716471754C1B4009E5C9D /* Frameworks */,
				D5B716481754C1B4009E5C9D /* Resources */,
				D5B716631754C1C8009E5C9D /* ShellScript */,
			);
			buildRules = (
			);
			dependencies = (
			);
			name = VkontakteSDK_Documentation;
			productName = VkontakteSDK_Documentation;
			productReference = D5B7164A1754C1B4009E5C9D /* VkontakteSDK_Documentation.app */;
			productType = "com.apple.product-type.application";
		};
/* End PBXNativeTarget section */

/* Begin PBXProject section */
		1A9A0B68573B264246D627DB /* Project object */ = {
			isa = PBXProject;
			attributes = {
				ORGANIZATIONNAME = AndrewShmig;
			};
			buildConfigurationList = 1A9A0BB73DA63CCE02048CF1 /* Build configuration list for PBXProject "Vkontakte iOS SDK_Project" */;
			compatibilityVersion = "Xcode 3.2";
			developmentRegion = English;
			hasScannedForEncodings = 0;
			knownRegions = (
				en,
			);
			mainGroup = 1A9A0AA5A6CD6C1AC84F3B96;
			productRefGroup = 1A9A060E71A5EC0E5A9A2881 /* Products */;
			projectDirPath = "";
			projectRoot = "";
			targets = (
				1A9A07E312B37B1763F3E826 /* Vkontakte iOS SDK_Project */,
				D5B716491754C1B4009E5C9D /* VkontakteSDK_Documentation */,
			);
		};
/* End PBXProject section */

/* Begin PBXResourcesBuildPhase section */
		1A9A0AB06059D64BF03FC389 /* Resources */ = {
			isa = PBXResourcesBuildPhase;
			buildActionMask = 2147483647;
			files = (
				1A9A0DFFA6C38BD056D31C8F /* InfoPlist.strings in Resources */,
				1A9A0B354CA71944B31A2615 /* Default.png in Resources */,
				1A9A0535D28C98D1320A8654 /* Default@2x.png in Resources */,
				1A9A06A9086F2C4C5107D953 /* Default-568h@2x.png in Resources */,
				1A9A0FD21D1892BE454A4C3B /* ASAViewController.xib in Resources */,
			);
			runOnlyForDeploymentPostprocessing = 0;
		};
		D5B716481754C1B4009E5C9D /* Resources */ = {
			isa = PBXResourcesBuildPhase;
			buildActionMask = 2147483647;
			files = (
				D5B716531754C1B4009E5C9D /* InfoPlist.strings in Resources */,
				D5B7165B1754C1B4009E5C9D /* Default.png in Resources */,
				D5B7165D1754C1B4009E5C9D /* Default@2x.png in Resources */,
				D5B7165F1754C1B4009E5C9D /* Default-568h@2x.png in Resources */,
			);
			runOnlyForDeploymentPostprocessing = 0;
		};
/* End PBXResourcesBuildPhase section */

/* Begin PBXShellScriptBuildPhase section */
		D5B716631754C1C8009E5C9D /* ShellScript */ = {
			isa = PBXShellScriptBuildPhase;
			buildActionMask = 2147483647;
			files = (
			);
			inputPaths = (
			);
			outputPaths = (
			);
			runOnlyForDeploymentPostprocessing = 0;
			shellPath = /bin/sh;
			shellScript = "/usr/local/bin/appledoc \\\n--project-name \"VkontakteSDK\" \\\n--project-company \"AndrewShmig\" \\\n--company-id \"com.andrewshmig\" \\\n--docset-atom-filename \"DTFoundation.atom\" \\\n--docset-feed-url \"http://cocoanetics.github.com/DTFoundation/%DOCSETATOMFILENAME\" \\\n--docset-package-url \"http://cocoanetics.github.com/DTFoundation/%DOCSETPACKAGEFILENAME\" \\\n--docset-fallback-url \"http://cocoanetics.github.com/DTFoundation/\" \\\n--output \"${PROJECT_DIR}/VkontakteSDK_Source/docs\" \\\n--publish-docset \\\n--logformat xcode \\\n--keep-undocumented-objects \\\n--keep-undocumented-members \\\n--keep-intermediate-files \\\n--no-repeat-first-par \\\n--no-warn-invalid-crossref \\\n--ignore \"*.m\" \\\n\"${PROJECT_DIR}\"";
		};
/* End PBXShellScriptBuildPhase section */

/* Begin PBXSourcesBuildPhase section */
		1A9A0BB06DB2CD59FABF4084 /* Sources */ = {
			isa = PBXSourcesBuildPhase;
			buildActionMask = 2147483647;
			files = (
				1A9A01AD020E4163997D42CA /* main.m in Sources */,
				1A9A014718D9175C3C8270FA /* ASAAppDelegate.m in Sources */,
				1A9A04CABD11B20B973B082F /* ASAViewController.m in Sources */,
				1A9A0D607B79AFC8041B6520 /* VKConnector.m in Sources */,
				1A9A0815944946E4D04DB2DB /* VKAccessToken.m in Sources */,
				1A9A00DE0874C0D2DDF62040 /* VKAudioAlbums.m in Sources */,
				1A9A012C5170C46DB6127C03 /* VKAudio.m in Sources */,
				1A9A0B873E74E121B23E621C /* VKDocs.m in Sources */,
				1A9A0384C91D264F3F0EBAE0 /* VKDoc.m in Sources */,
				1A9A0282CA1D01302471A038 /* VKFavourites.m in Sources */,
				1A9A052E5BE846C6E5A7E793 /* VKFriends.m in Sources */,
				1A9A07B489F4E0F7DE3E930B /* VKGroups.m in Sources */,
				1A9A0A44CA44B07501E43271 /* VKGroup.m in Sources */,
				1A9A00965F012FEB0C3A0948 /* VKLikes.m in Sources */,
				1A9A06F451386B13B7052B7F /* VKLike.m in Sources */,
				1A9A0E0DB89A0EF7F46D63EE /* VKMessages.m in Sources */,
				1A9A0AA9A966AD29D1785FDD /* VKMessage.m in Sources */,
				1A9A099DA2DB69CB8ECA486F /* VKNewsfeed.m in Sources */,
				1A9A03288D033634380039D2 /* VKNotes.m in Sources */,
				1A9A0C8BE3C67F7E9F29620E /* VKNote.m in Sources */,
				1A9A0961CDA638D044505DC2 /* VKPhotoAlbums.m in Sources */,
				1A9A0857E7361344316BE969 /* VKPhoto.m in Sources */,
				1A9A0035E0EE5FF07539A831 /* VKPlaces.m in Sources */,
				1A9A0AEB4C54D741C0B29C30 /* VKPlace.m in Sources */,
				1A9A0B99CB428301E1CDBC93 /* VKStatus.m in Sources */,
				1A9A070F583C588F363633F1 /* VKUser.m in Sources */,
				1A9A0966863B0213EC5E61F3 /* VKVideoAlbums.m in Sources */,
				1A9A043B7F63BFA46BDCD345 /* VKVideo.m in Sources */,
				1A9A0AD30D144ECA9F255646 /* VKWall.m in Sources */,
				1A9A0A2B354447FD88F043A7 /* VKWallPost.m in Sources */,
				D53DFBF117632CF6001A058B /* VKRequest.m in Sources */,
				D53DFC0817632D6A001A058B /* AFHTTPClient.m in Sources */,
				D53DFC0A17632D6A001A058B /* AFHTTPRequestOperation.m in Sources */,
				D53DFC0C17632D6A001A058B /* AFImageRequestOperation.m in Sources */,
				D53DFC0E17632D6A001A058B /* AFJSONRequestOperation.m in Sources */,
				D53DFC1017632D6A001A058B /* AFNetworkActivityIndicatorManager.m in Sources */,
				D53DFC1217632D6A001A058B /* AFPropertyListRequestOperation.m in Sources */,
				D53DFC1417632D6A001A058B /* AFURLConnectionOperation.m in Sources */,
				D53DFC1617632D6A001A058B /* AFXMLRequestOperation.m in Sources */,
				D53DFC1817632D6A001A058B /* UIImageView+AFNetworking.m in Sources */,
				D53DFC2017632EB6001A058B /* NSData+toBase64.m in Sources */,
				D53DFC2217632EB6001A058B /* NSString+encodeURL.m in Sources */,
				D53DFC2417632EB6001A058B /* NSString+toBase64.m in Sources */,
			);
			runOnlyForDeploymentPostprocessing = 0;
		};
		D5B716461754C1B4009E5C9D /* Sources */ = {
			isa = PBXSourcesBuildPhase;
			buildActionMask = 2147483647;
			files = (
				D5B716551754C1B4009E5C9D /* main.m in Sources */,
				D5B716591754C1B4009E5C9D /* AppDelegate.m in Sources */,
				D53DFBF217632CF6001A058B /* VKRequest.m in Sources */,
				D53DFC0917632D6A001A058B /* AFHTTPClient.m in Sources */,
				D53DFC0B17632D6A001A058B /* AFHTTPRequestOperation.m in Sources */,
				D53DFC0D17632D6A001A058B /* AFImageRequestOperation.m in Sources */,
				D53DFC0F17632D6A001A058B /* AFJSONRequestOperation.m in Sources */,
				D53DFC1117632D6A001A058B /* AFNetworkActivityIndicatorManager.m in Sources */,
				D53DFC1317632D6A001A058B /* AFPropertyListRequestOperation.m in Sources */,
				D53DFC1517632D6A001A058B /* AFURLConnectionOperation.m in Sources */,
				D53DFC1717632D6A001A058B /* AFXMLRequestOperation.m in Sources */,
				D53DFC1917632D6A001A058B /* UIImageView+AFNetworking.m in Sources */,
				D53DFC2117632EB6001A058B /* NSData+toBase64.m in Sources */,
				D53DFC2317632EB6001A058B /* NSString+encodeURL.m in Sources */,
				D53DFC2517632EB6001A058B /* NSString+toBase64.m in Sources */,
			);
			runOnlyForDeploymentPostprocessing = 0;
		};
/* End PBXSourcesBuildPhase section */

/* Begin PBXVariantGroup section */
		1A9A08D62A11B3F5E77C7492 /* ASAViewController.xib */ = {
			isa = PBXVariantGroup;
			children = (
				1A9A087000D823AF9A0021CF /* en */,
			);
			name = ASAViewController.xib;
			sourceTree = "<group>";
		};
		1A9A0E6E23C1FCE8D3FE60F1 /* InfoPlist.strings */ = {
			isa = PBXVariantGroup;
			children = (
				1A9A06ABFD2D61D549794D15 /* en */,
			);
			name = InfoPlist.strings;
			sourceTree = "<group>";
		};
		D5B716511754C1B4009E5C9D /* InfoPlist.strings */ = {
			isa = PBXVariantGroup;
			children = (
				D5B716521754C1B4009E5C9D /* en */,
			);
			name = InfoPlist.strings;
			sourceTree = "<group>";
		};
/* End PBXVariantGroup section */

/* Begin XCBuildConfiguration section */
		1A9A013AA343FEBA5C372924 /* Release */ = {
			isa = XCBuildConfiguration;
			buildSettings = {
				ALWAYS_SEARCH_USER_PATHS = NO;
				CLANG_CXX_LANGUAGE_STANDARD = "gnu++0x";
				CLANG_CXX_LIBRARY = "libc++";
				CLANG_ENABLE_OBJC_ARC = YES;
				CLANG_WARN_CONSTANT_CONVERSION = YES;
				CLANG_WARN_EMPTY_BODY = YES;
				CLANG_WARN_ENUM_CONVERSION = YES;
				CLANG_WARN_INT_CONVERSION = YES;
				CLANG_WARN__DUPLICATE_METHOD_MATCH = YES;
				"CODE_SIGN_IDENTITY[sdk=iphoneos*]" = "iPhone Developer";
				COPY_PHASE_STRIP = YES;
				GCC_C_LANGUAGE_STANDARD = gnu99;
				GCC_WARN_ABOUT_RETURN_TYPE = YES;
				GCC_WARN_UNINITIALIZED_AUTOS = YES;
				GCC_WARN_UNUSED_VARIABLE = YES;
				IPHONEOS_DEPLOYMENT_TARGET = 6.1;
				OTHER_CFLAGS = "-DNS_BLOCK_ASSERTIONS=1";
				SDKROOT = iphoneos;
				VALIDATE_PRODUCT = YES;
			};
			name = Release;
		};
		1A9A05BE3137D07FD4544CCC /* Debug */ = {
			isa = XCBuildConfiguration;
			buildSettings = {
				ALWAYS_SEARCH_USER_PATHS = NO;
				CLANG_CXX_LANGUAGE_STANDARD = "gnu++0x";
				CLANG_CXX_LIBRARY = "libc++";
				CLANG_ENABLE_OBJC_ARC = YES;
				CLANG_WARN_CONSTANT_CONVERSION = YES;
				CLANG_WARN_EMPTY_BODY = YES;
				CLANG_WARN_ENUM_CONVERSION = YES;
				CLANG_WARN_INT_CONVERSION = YES;
				CLANG_WARN__DUPLICATE_METHOD_MATCH = YES;
				"CODE_SIGN_IDENTITY[sdk=iphoneos*]" = "iPhone Developer";
				COPY_PHASE_STRIP = NO;
				GCC_C_LANGUAGE_STANDARD = gnu99;
				GCC_DYNAMIC_NO_PIC = NO;
				GCC_OPTIMIZATION_LEVEL = 0;
				GCC_PREPROCESSOR_DEFINITIONS = (
					"DEBUG=1",
					"$(inherited)",
				);
				GCC_SYMBOLS_PRIVATE_EXTERN = NO;
				GCC_WARN_ABOUT_RETURN_TYPE = YES;
				GCC_WARN_UNINITIALIZED_AUTOS = YES;
				GCC_WARN_UNUSED_VARIABLE = YES;
				IPHONEOS_DEPLOYMENT_TARGET = 6.1;
				ONLY_ACTIVE_ARCH = YES;
				SDKROOT = iphoneos;
			};
			name = Debug;
		};
		1A9A0ADE4A1238B9CB0DC632 /* Release */ = {
			isa = XCBuildConfiguration;
			buildSettings = {
				FRAMEWORK_SEARCH_PATHS = (
					"$(inherited)",
					"\"$(SYSTEM_APPS_DIR)/Xcode.app/Contents/Developer/Library/Frameworks\"",
				);
				GCC_PRECOMPILE_PREFIX_HEADER = YES;
				GCC_PREFIX_HEADER = "Vkontakte iOS SDK_Project/Vkontakte iOS SDK_Project-Prefix.pch";
				INFOPLIST_FILE = "Vkontakte iOS SDK_Project/Vkontakte iOS SDK_Project-Info.plist";
				PRODUCT_NAME = "$(TARGET_NAME)";
				WRAPPER_EXTENSION = app;
			};
			name = Release;
		};
		1A9A0D4C0520FBC0D11BBBFD /* Debug */ = {
			isa = XCBuildConfiguration;
			buildSettings = {
				FRAMEWORK_SEARCH_PATHS = (
					"$(inherited)",
					"\"$(SYSTEM_APPS_DIR)/Xcode.app/Contents/Developer/Library/Frameworks\"",
				);
				GCC_PRECOMPILE_PREFIX_HEADER = YES;
				GCC_PREFIX_HEADER = "Vkontakte iOS SDK_Project/Vkontakte iOS SDK_Project-Prefix.pch";
				INFOPLIST_FILE = "Vkontakte iOS SDK_Project/Vkontakte iOS SDK_Project-Info.plist";
				PRODUCT_NAME = "$(TARGET_NAME)";
				WRAPPER_EXTENSION = app;
			};
			name = Debug;
		};
		D5B716601754C1B4009E5C9D /* Release */ = {
			isa = XCBuildConfiguration;
			buildSettings = {
				"CODE_SIGN_IDENTITY[sdk=iphoneos*]" = "iPhone Developer";
				GCC_PRECOMPILE_PREFIX_HEADER = YES;
				GCC_PREFIX_HEADER = "VkontakteSDK_Documentation/VkontakteSDK_Documentation-Prefix.pch";
				INFOPLIST_FILE = "VkontakteSDK_Documentation/VkontakteSDK_Documentation-Info.plist";
				PRODUCT_NAME = "$(TARGET_NAME)";
				WRAPPER_EXTENSION = app;
			};
			name = Release;
		};
		D5B716611754C1B4009E5C9D /* Debug */ = {
			isa = XCBuildConfiguration;
			buildSettings = {
				"CODE_SIGN_IDENTITY[sdk=iphoneos*]" = "iPhone Developer";
				GCC_PRECOMPILE_PREFIX_HEADER = YES;
				GCC_PREFIX_HEADER = "VkontakteSDK_Documentation/VkontakteSDK_Documentation-Prefix.pch";
				INFOPLIST_FILE = "VkontakteSDK_Documentation/VkontakteSDK_Documentation-Info.plist";
				PRODUCT_NAME = "$(TARGET_NAME)";
				WRAPPER_EXTENSION = app;
			};
			name = Debug;
		};
/* End XCBuildConfiguration section */

/* Begin XCConfigurationList section */
		1A9A0BB73DA63CCE02048CF1 /* Build configuration list for PBXProject "Vkontakte iOS SDK_Project" */ = {
			isa = XCConfigurationList;
			buildConfigurations = (
				1A9A013AA343FEBA5C372924 /* Release */,
				1A9A05BE3137D07FD4544CCC /* Debug */,
			);
			defaultConfigurationIsVisible = 0;
			defaultConfigurationName = Release;
		};
		1A9A0FC65C12C8DCAE27B5B8 /* Build configuration list for PBXNativeTarget "Vkontakte iOS SDK_Project" */ = {
			isa = XCConfigurationList;
			buildConfigurations = (
				1A9A0ADE4A1238B9CB0DC632 /* Release */,
				1A9A0D4C0520FBC0D11BBBFD /* Debug */,
			);
			defaultConfigurationIsVisible = 0;
			defaultConfigurationName = Release;
		};
		D5B716621754C1B4009E5C9D /* Build configuration list for PBXNativeTarget "VkontakteSDK_Documentation" */ = {
			isa = XCConfigurationList;
			buildConfigurations = (
				D5B716601754C1B4009E5C9D /* Release */,
				D5B716611754C1B4009E5C9D /* Debug */,
			);
			defaultConfigurationIsVisible = 0;
			defaultConfigurationName = Release;
		};
/* End XCConfigurationList section */
	};
	rootObject = 1A9A0B68573B264246D627DB /* Project object */;
}
